
Microsoft Visual Studio Solution File, Format Version 12.00
# Visual Studio 14
VisualStudioVersion = 14.0.25420.1
MinimumVisualStudioVersion = 10.0.40219.1
Project("{FAE04EC0-301F-11D3-BF4B-00C04F79EFBC}") = "InsuranceDashBoard", "InsuranceDashBoard\InsuranceDashBoard.csproj", "{65DE4270-2C2C-41AE-9929-AA99D6885663}"
EndProject
Project("{FAE04EC0-301F-11D3-BF4B-00C04F79EFBC}") = "Models", "Mdels\Models.csproj", "{AF8E8078-C26E-49DB-AE04-56B128D6C231}"
EndProject
Global
	GlobalSection(SolutionConfigurationPlatforms) = preSolution
		Debug|Any CPU = Debug|Any CPU
		Release|Any CPU = Release|Any CPU
	EndGlobalSection
	GlobalSection(ProjectConfigurationPlatforms) = postSolution
		{65DE4270-2C2C-41AE-9929-AA99D6885663}.Debug|Any CPU.ActiveCfg = Debug|Any CPU
		{65DE4270-2C2C-41AE-9929-AA99D6885663}.Debug|Any CPU.Build.0 = Debug|Any CPU
		{65DE4270-2C2C-41AE-9929-AA99D6885663}.Release|Any CPU.ActiveCfg = Release|Any CPU
		{65DE4270-2C2C-41AE-9929-AA99D6885663}.Release|Any CPU.Build.0 = Release|Any CPU
		{AF8E8078-C26E-49DB-AE04-56B128D6C231}.Debug|Any CPU.ActiveCfg = Debug|Any CPU
		{AF8E8078-C26E-49DB-AE04-56B128D6C231}.Debug|Any CPU.Build.0 = Debug|Any CPU
		{AF8E8078-C26E-49DB-AE04-56B128D6C231}.Release|Any CPU.ActiveCfg = Release|Any CPU
		{AF8E8078-C26E-49DB-AE04-56B128D6C231}.Release|Any CPU.Build.0 = Release|Any CPU
	EndGlobalSection
	GlobalSection(SolutionProperties) = preSolution
		HideSolutionNode = FALSE
	EndGlobalSection
EndGlobal
